github.com/aws/aws-sdk-go-v2 v1.39.5 h1:e/SXuia3rkFtapghJROrydtQpfQaaUgd1cUvyO1mp2w=
github.com/aws/aws-sdk-go-v2 v1.39.5/go.mod h1:yWSxrnioGUZ4WVv9TgMrNUeLV3PFESn/v+6T/Su8gnM=
github.com/aws/aws-sdk-go-v2/aws/protocol/eventstream v1.7.2 h1:t9yYsydLYNBk9cJ73rgPhPWqOh/52fcWDQB5b1JsKSY=
github.com/aws/aws-sdk-go-v2/aws/protocol/eventstream v1.7.2/go.mod h1:IusfVNTmiSN3t4rhxWFaBAqn+mcNdwKtPcV16eYdgko=
github.com/aws/aws-sdk-go-v2/config v1.31.16 h1:E4Tz+tJiPc7kGnXwIfCyUj6xHJNpENlY11oKpRTgsjc=
github.com/aws/aws-sdk-go-v2/config v1.31.16/go.mod h1:2S9hBElpCyGMifv14WxQ7EfPumgoeCPZUpuPX8VtW34=
github.com/aws/aws-sdk-go-v2/credentials v1.18.20 h1:KFndAnHd9NUuzikHjQ8D5CfFVO+bgELkmcGY8yAw98Q=
github.com/aws/aws-sdk-go-v2/credentials v1.18.20/go.mod h1:9mCi28a+fmBHSQ0UM79omkz6JtN+PEsvLrnG36uoUv0=
github.com/aws/aws-sdk-go-v2/feature/ec2/imds v1.18.12 h1:VO3FIM2TDbm0kqp6sFNR0PbioXJb/HzCDW6NtIZpIWE=
github.com/aws/aws-sdk-go-v2/feature/ec2/imds v1.18.12/go.mod h1:6C39gB8kg82tx3r72muZSrNhHia9rjGkX7ORaS2GKNE=
github.com/aws/aws-sdk-go-v2/internal/configsources v1.4.12 h1:p/9flfXdoAnwJnuW9xHEAFY22R3A6skYkW19JFF9F+8=
github.com/aws/aws-sdk-go-v2/internal/configsources v1.4.12/go.mod h1:ZTLHakoVCTtW8AaLGSwJ3LXqHD9uQKnOcv1TrpO6u2k=
github.com/aws/aws-sdk-go-v2/internal/endpoints/v2 v2.7.12 h1:2lTWFvRcnWFFLzHWmtddu5MTchc5Oj2OOey++99tPZ0=
github.com/aws/aws-sdk-go-v2/internal/endpoints/v2 v2.7.12/go.mod h1:hI92pK+ho8HVcWMHKHrK3Uml4pfG7wvL86FzO0LVtQQ=
github.com/aws/aws-sdk-go-v2/internal/ini v1.8.4 h1:WKuaxf++XKWlHWu9ECbMlha8WOEGm0OUEZqm4K/Gcfk=
github.com/aws/aws-sdk-go-v2/internal/ini v1.8.4/go.mod h1:ZWy7j6v1vWGmPReu0iSGvRiise4YI5SkR3OHKTZ6Wuc=
github.com/aws/aws-sdk-go-v2/internal/v4a v1.4.12 h1:itu4KHu8JK/N6NcLIISlf3LL1LccMqruLUXZ9y7yBZw=
github.com/aws/aws-sdk-go-v2/internal/v4a v1.4.12/go.mod h1:i+6vTU3xziikTY3vcox23X8pPGW5X3wVgd1VZ7ha+x8=
github.com/aws/aws-sdk-go-v2/service/cloudfront v1.55.3 h1:I1cy4m75ZT4A1pOdIS9gRiJ3Sp3oAQDnoSr7FdH0cWw=
github.com/aws/aws-sdk-go-v2/service/cloudfront v1.55.3/go.mod h1:af/zNle59yEZVwKlGorGjIYteuW2QkFKIli28DsM26g=
github.com/aws/aws-sdk-go-v2/service/cloudwatchlogs v1.58.6 h1:Ai2BLgLBcNCzKKRcy1O4diVEBvjJzQZqMepsGh95vyY=
github.com/aws/aws-sdk-go-v2/service/cloudwatchlogs v1.58.6/go.mod h1:NtQ+TSSI2ej+Avjm5y3OJtgPIZDpa4RlT4SRjtEdagY=
github.com/aws/aws-sdk-go-v2/service/ec2 v1.260.0 h1:g0ymFY/DEcAKJkVh72fGEMx+Ryr6oO1I3qWMptQS4eo=
github.com/aws/aws-sdk-go-v2/service/ec2 v1.260.0/go.mod h1:D6ty/4Egk8juqzkWVed8bRzuitHVeKZlGCLs0gjR2lY=
github.com/aws/aws-sdk-go-v2/service/internal/accept-encoding v1.13.2 h1:xtuxji5CS0JknaXoACOunXOYOQzgfTvGAc9s2QdCJA4=
github.com/aws/aws-sdk-go-v2/service/internal/accept-encoding v1.13.2/go.mod h1:zxwi0DIR0rcRcgdbl7E2MSOvxDyyXGBlScvBkARFaLQ=
github.com/aws/aws-sdk-go-v2/service/internal/checksum v1.9.3 h1:NEe7FaViguRQEm8zl8Ay/kC/QRsMtWUiCGZajQIsLdc=
github.com/aws/aws-sdk-go-v2/service/internal/checksum v1.9.3/go.mod h1:JLuCKu5VfiLBBBl/5IzZILU7rxS0koQpHzMOCzycOJU=
github.com/aws/aws-sdk-go-v2/service/internal/presigned-url v1.13.12 h1:MM8imH7NZ0ovIVX7D2RxfMDv7Jt9OiUXkcQ+GqywA7M=
github.com/aws/aws-sdk-go-v2/service/internal/presigned-url v1.13.12/go.mod h1:gf4OGwdNkbEsb7elw2Sy76odfhwNktWII3WgvQgQQ6w=
github.com/aws/aws-sdk-go-v2/service/internal/s3shared v1.19.12 h1:R3uW0iKl8rgNEXNjVGliW/oMEh9fO/LlUEV8RvIFr1I=
github.com/aws/aws-sdk-go-v2/service/internal/s3shared v1.19.12/go.mod h1:XEttbEr5yqsw8ebi7vlDoGJJjMXRez4/s9pibpJyL5s=
github.com/aws/aws-sdk-go-v2/service/resourcegroupstaggingapi v1.30.10 h1:ijpD01Sx89avCJb4QsyZeomOrx0asEd2aLCyaWSxlew=
github.com/aws/aws-sdk-go-v2/service/resourcegroupstaggingapi v1.30.10/go.mod h1:4eR4yYjTJX95IiJwysMZbGZHuN9ee8Dt6DT5AjKEqcI=
github.com/aws/aws-sdk-go-v2/service/s3 v1.89.1 h1:Dq82AV+Qxpno/fG162eAhnD8d48t9S+GZCfz7yv1VeA=
github.com/aws/aws-sdk-go-v2/service/s3 v1.89.1/go.mod h1:MbKLznDKpf7PnSonNRUVYZzfP0CeLkRIUexeblgKcU4=
github.com/aws/aws-sdk-go-v2/service/sso v1.30.0 h1:xHXvxst78wBpJFgDW07xllOx0IAzbryrSdM4nMVQ4Dw=
github.com/aws/aws-sdk-go-v2/service/sso v1.30.0/go.mod h1:/e8m+AO6HNPPqMyfKRtzZ9+mBF5/x1Wk8QiDva4m07I=
github.com/aws/aws-sdk-go-v2/service/ssooidc v1.35.4 h1:tBw2Qhf0kj4ZwtsVpDiVRU3zKLvjvjgIjHMKirxXg8M=
github.com/aws/aws-sdk-go-v2/service/ssooidc v1.35.4/go.mod h1:Deq4B7sRM6Awq/xyOBlxBdgW8/Z926KYNNaGMW2lrkA=
github.com/aws/aws-sdk-go-v2/service/sts v1.39.0 h1:C+BRMnasSYFcgDw8o9H5hzehKzXyAb9GY5v/8bP9DUY=
github.com/aws/aws-sdk-go-v2/service/sts v1.39.0/go.mod h1:4EjU+4mIx6+JqKQkruye+CaigV7alL3thVPfDd9VlMs=
github.com/aws/smithy-go v1.23.1 h1:sLvcH6dfAFwGkHLZ7dGiYF7aK6mg4CgKA/iDKjLDt9M=
github.com/aws/smithy-go v1.23.1/go.mod h1:LEj2LM3rBRQJxPZTB4KuzZkaZYnZPnvgIhb4pu07mx0=
github.com/cpuguy83/go-md2man/v2 v2.0.6/go.mod h1:oOW0eioCTA6cOiMLiUPZOpcVxMig6NIQQ7OS05n1F4g=
github.com/davecgh/go-spew v1.1.1 h1:vj9j/u1bqnvCEfJOwUhtlOARqs3+rkHYY13jYWTU97c=
github.com/davecgh/go-spew v1.1.1/go.mod h1:J7Y8YcW2NihsgmVo/mv3lAwl/skON4iLHjSsI+c5H38=
github.com/deckarep/golang-set/v2 v2.8.0 h1:swm0rlPCmdWn9mESxKOjWk8hXSqoxOp+ZlfuyaAdFlQ=
github.com/deckarep/golang-set/v2 v2.8.0/go.mod h1:VAky9rY/yGXJOLEDv3OMci+7wtDpOF4IN+y82NBOac4=
github.com/fatih/color v1.18.0 h1:S8gINlzdQ840/4pfAwic/ZE0djQEH3wM94VfqLTZcOM=
github.com/fatih/color v1.18.0/go.mod h1:4FelSpRwEGDpQ12mAdzqdOukCy4u8WUtOY6lkT/6HfU=
github.com/goyek/goyek/v2 v2.3.0 h1:ZQlQZp+JOkbZXuPNw6SbeQxYMRKB0Gm3nbC2K9IY1r4=
github.com/goyek/goyek/v2 v2.3.0/go.mod h1:VKzmleKfV5LB9f20Xg5umuPC4XfSdDXwPNesfr1RsLU=
github.com/goyek/x v0.3.0 h1:JEgcLmqnxAPFR7/IqPMBoSRUcvykNS3o7YCVrC1VKHQ=
github.com/goyek/x v0.3.0/go.mod h1:mgGZpAHdFAW9vEpq+aGFF36DTo/zRjmE7z4BMKVqD7g=
github.com/inconshreveable/mousetrap v1.1.0 h1:wN+x4NVGpMsO7ErUn/mUI3vEoE6Jt13X2s0bqwp9tc8=
github.com/inconshreveable/mousetrap v1.1.0/go.mod h1:vpF70FUmC8bwa3OWnCshd2FqLfsEA9PFc4w1p2J65bw=
github.com/mattn/go-colorable v0.1.13 h1:fFA4WZxdEF4tXPZVKMLwD8oUnCTTo08duU7wxecdEvA=
github.com/mattn/go-colorable v0.1.13/go.mod h1:7S9/ev0klgBDR4GtXTXX8a3vIGJpMovkB8vQcUbaXHg=
github.com/mattn/go-isatty v0.0.16/go.mod h1:kYGgaQfpe5nmfYZH+SKPsOc2e4SrIfOl2e/yFXSvRLM=
github.com/mattn/go-isatty v0.0.20 h1:xfD0iDuEKnDkl03q4limB+vH+GxLEtL/jb4xVJSWWEY=
github.com/mattn/go-isatty v0.0.20/go.mod h1:W+V8PltTTMOvKvAeJH7IuucS94S2C6jfK/D7dTCTo3Y=
github.com/mattn/go-shellwords v1.0.12 h1:M2zGm7EW6UQJvDeQxo4T51eKPurbeFbe8WtebGE2xrk=
github.com/mattn/go-shellwords v1.0.12/go.mod h1:EZzvwXDESEeg03EKmM+RmDnNOPKG4lLtQsUlTZDWQ8Y=
github.com/pmezard/go-difflib v1.0.0 h1:4DBwDE0NGyQoBHbLQYPwSUPoCMWR5BEzIk/f1lZbAQM=
github.com/pmezard/go-difflib v1.0.0/go.mod h1:iKH77koFhYxTK1pcRnkKkqfTogsbg7gZNVY4sRDYZ/4=
github.com/russross/blackfriday/v2 v2.1.0/go.mod h1:+Rmxgy9KzJVeS9/2gXHxylqXiyQDYRxCVz55jmeOWTM=
github.com/spf13/cobra v1.10.1 h1:lJeBwCfmrnXthfAupyUTzJ/J4Nc1RsHC/mSRU2dll/s=
github.com/spf13/cobra v1.10.1/go.mod h1:7SmJGaTHFVBY0jW4NXGluQoLvhqFQM+6XSKD+P4XaB0=
github.com/spf13/pflag v1.0.9/go.mod h1:McXfInJRrz4CZXVZOBLb0bTZqETkiAhM9Iw0y3An2Bg=
github.com/spf13/pflag v1.0.10 h1:4EBh2KAYBwaONj6b2Ye1GiHfwjqyROoF4RwYO+vPwFk=
github.com/spf13/pflag v1.0.10/go.mod h1:McXfInJRrz4CZXVZOBLb0bTZqETkiAhM9Iw0y3An2Bg=
github.com/stretchr/testify v1.11.1 h1:7s2iGBzp5EwR7/aIZr8ao5+dra3wiQyKjjFuvgVKu7U=
github.com/stretchr/testify v1.11.1/go.mod h1:wZwfW3scLgRK+23gO65QZefKpKQRnfz6sD981Nm4B6U=
golang.org/x/sync v0.17.0 h1:l60nONMj9l5drqw6jlhIELNv9I0A4OFgRsG9k2oT9Ug=
golang.org/x/sync v0.17.0/go.mod h1:9KTHXmSnoGruLpwFjVSX0lNNA75CykiMECbovNTZqGI=
golang.org/x/sys v0.0.0-20220811171246-fbc7d0a398ab/go.mod h1:oPkhp1MJrh7nUepCBck5+mAzfO9JrbApNNgaTdGDITg=
golang.org/x/sys v0.6.0/go.mod h1:oPkhp1MJrh7nUepCBck5+mAzfO9JrbApNNgaTdGDITg=
golang.org/x/sys v0.30.0 h1:QjkSwP/36a20jFYWkSue1YwXzLmsV5Gfq7Eiy72C1uc=
golang.org/x/sys v0.30.0/go.mod h1:/VUhepiaJMQUp4+oa/7Zr1D23ma6VTLIYjOOTFZPUcA=
gopkg.in/check.v1 v0.0.0-20161208181325-20d25e280405 h1:yhCVgyC4o1eVCa2tZl7eS0r+SDo693bJlVdllGtEeKM=
gopkg.in/check.v1 v0.0.0-20161208181325-20d25e280405/go.mod h1:Co6ibVJAznAaIkqp8huTwlJQCZ016jof/cbN4VW5Yz0=
gopkg.in/ini.v1 v1.67.0 h1:Dgnx+6+nfE+IfzjUEISNeydPJh9AXNNsWbGP9KzCsOA=
gopkg.in/ini.v1 v1.67.0/go.mod h1:pNLf8WUiyNEtQjuu5G5vTm06TEv9tsIgeAvK8hOrP4k=
gopkg.in/yaml.v3 v3.0.1 h1:fxVm/GzAzEWqLHuvctI91KS9hhNmmWOoWu0XTYJS7CA=
gopkg.in/yaml.v3 v3.0.1/go.mod h1:K4uyk7z7BCEPqu6E+C64Yfv1cQ7kz7rIZviUmN+EgEM=
